
Microsoft Visual Studio Solution File, Format Version 12.00
# Visual Studio Version 16
VisualStudioVersion = 16.0.29409.12
MinimumVisualStudioVersion = 10.0.40219.1
Project("{FAE04EC0-301F-11D3-BF4B-00C04F79EFBC}") = "Principes", "Principes\Principes.csproj", "{28A56547-E69D-4CC9-A032-4B743AD1043D}"
EndProject
Global
	GlobalSection(SolutionConfigurationPlatforms) = preSolution
		Debug|Any CPU = Debug|Any CPU
		Release|Any CPU = Release|Any CPU
	EndGlobalSection
	GlobalSection(ProjectConfigurationPlatforms) = postSolution
		{28A56547-E69D-4CC9-A032-4B743AD1043D}.Debug|Any CPU.ActiveCfg = Debug|Any CPU
		{28A56547-E69D-4CC9-A032-4B743AD1043D}.Debug|Any CPU.Build.0 = Debug|Any CPU
		{28A56547-E69D-4CC9-A032-4B743AD1043D}.Release|Any CPU.ActiveCfg = Release|Any CPU
		{28A56547-E69D-4CC9-A032-4B743AD1043D}.Release|Any CPU.Build.0 = Release|Any CPU
	EndGlobalSection
	GlobalSection(SolutionProperties) = preSolution
		HideSolutionNode = FALSE
	EndGlobalSection
	GlobalSection(ExtensibilityGlobals) = postSolution
		SolutionGuid = {AC275979-669E-40D4-9F5F-1B546A04BC46}
	EndGlobalSection
EndGlobal
