
Microsoft Visual Studio Solution File, Format Version 12.00
# Visual Studio Version 16
VisualStudioVersion = 16.0.29519.181
MinimumVisualStudioVersion = 10.0.40219.1
Project("{FAE04EC0-301F-11D3-BF4B-00C04F79EFBC}") = "ExcelEPPlus", "ExcelEPPlus\ExcelEPPlus.csproj", "{6B62C80C-1C13-463B-853D-8FAA55E5C04A}"
EndProject
Global
	GlobalSection(SolutionConfigurationPlatforms) = preSolution
		Debug|Any CPU = Debug|Any CPU
		Release|Any CPU = Release|Any CPU
	EndGlobalSection
	GlobalSection(ProjectConfigurationPlatforms) = postSolution
		{6B62C80C-1C13-463B-853D-8FAA55E5C04A}.Debug|Any CPU.ActiveCfg = Debug|Any CPU
		{6B62C80C-1C13-463B-853D-8FAA55E5C04A}.Debug|Any CPU.Build.0 = Debug|Any CPU
		{6B62C80C-1C13-463B-853D-8FAA55E5C04A}.Release|Any CPU.ActiveCfg = Release|Any CPU
		{6B62C80C-1C13-463B-853D-8FAA55E5C04A}.Release|Any CPU.Build.0 = Release|Any CPU
	EndGlobalSection
	GlobalSection(SolutionProperties) = preSolution
		HideSolutionNode = FALSE
	EndGlobalSection
	GlobalSection(ExtensibilityGlobals) = postSolution
		SolutionGuid = {54CE66F0-1A6F-4A32-8F5D-06C67F747772}
	EndGlobalSection
EndGlobal
