
Microsoft Visual Studio Solution File, Format Version 12.00
# Visual Studio Version 16
VisualStudioVersion = 16.0.29409.12
MinimumVisualStudioVersion = 10.0.40219.1
Project("{FAE04EC0-301F-11D3-BF4B-00C04F79EFBC}") = "CSharp8", "CSharp8\CSharp8.csproj", "{CC0EF297-EDCF-4821-A3A3-5DAC597573E9}"
EndProject
Global
	GlobalSection(SolutionConfigurationPlatforms) = preSolution
		Debug|Any CPU = Debug|Any CPU
		Release|Any CPU = Release|Any CPU
	EndGlobalSection
	GlobalSection(ProjectConfigurationPlatforms) = postSolution
		{CC0EF297-EDCF-4821-A3A3-5DAC597573E9}.Debug|Any CPU.ActiveCfg = Debug|Any CPU
		{CC0EF297-EDCF-4821-A3A3-5DAC597573E9}.Debug|Any CPU.Build.0 = Debug|Any CPU
		{CC0EF297-EDCF-4821-A3A3-5DAC597573E9}.Release|Any CPU.ActiveCfg = Release|Any CPU
		{CC0EF297-EDCF-4821-A3A3-5DAC597573E9}.Release|Any CPU.Build.0 = Release|Any CPU
	EndGlobalSection
	GlobalSection(SolutionProperties) = preSolution
		HideSolutionNode = FALSE
	EndGlobalSection
	GlobalSection(ExtensibilityGlobals) = postSolution
		SolutionGuid = {897A05EC-F097-4EB5-8957-BA3A012BEAD1}
	EndGlobalSection
EndGlobal
